<Solution>
  <Project Path="GastoClass.Aplicacion/GastoClass.Aplicacion.csproj" Id="e2b6fb1b-7fd3-4aa7-8c36-ee62684cd9fe" />
  <Project Path="GastoClass.Dominio/GastoClass.Dominio.csproj" Id="fa68626c-7de3-4931-bdf9-7f6142cc8852" />
  <Project Path="GastoClass.Presentacion/GastoClass.Presentacion.csproj" Id="a4b0a0c7-cfbf-48a0-b6f7-d41f024d662b" />
  <Project Path="GastoClass/GastoClass.csproj" />
  <Project Path="MLCategorias_WebApi1/MLCategorias_WebApi.csproj" />
</Solution>
